
Microsoft Visual Studio Solution File, Format Version 12.00
# Visual Studio Version 17
VisualStudioVersion = 17.8.34525.116
MinimumVisualStudioVersion = 10.0.40219.1
Project("{FAE04EC0-301F-11D3-BF4B-00C04F79EFBC}") = "ConsoleGames", "ConsoleGames.csproj", "{6B0A4DA5-93FA-40C7-8BED-391432E37005}"
EndProject
Project("{FAE04EC0-301F-11D3-BF4B-00C04F79EFBC}") = "GameStarShips", "..\GameStarShips\GameStarShips.csproj", "{EC374D54-ACC7-4DD7-8B73-47F0863C27E3}"
EndProject
Global
	GlobalSection(SolutionConfigurationPlatforms) = preSolution
		Debug|Any CPU = Debug|Any CPU
		Release|Any CPU = Release|Any CPU
	EndGlobalSection
	GlobalSection(ProjectConfigurationPlatforms) = postSolution
		{6B0A4DA5-93FA-40C7-8BED-391432E37005}.Debug|Any CPU.ActiveCfg = Debug|Any CPU
		{6B0A4DA5-93FA-40C7-8BED-391432E37005}.Debug|Any CPU.Build.0 = Debug|Any CPU
		{6B0A4DA5-93FA-40C7-8BED-391432E37005}.Release|Any CPU.ActiveCfg = Release|Any CPU
		{6B0A4DA5-93FA-40C7-8BED-391432E37005}.Release|Any CPU.Build.0 = Release|Any CPU
		{EC374D54-ACC7-4DD7-8B73-47F0863C27E3}.Debug|Any CPU.ActiveCfg = Debug|Any CPU
		{EC374D54-ACC7-4DD7-8B73-47F0863C27E3}.Debug|Any CPU.Build.0 = Debug|Any CPU
		{EC374D54-ACC7-4DD7-8B73-47F0863C27E3}.Release|Any CPU.ActiveCfg = Release|Any CPU
		{EC374D54-ACC7-4DD7-8B73-47F0863C27E3}.Release|Any CPU.Build.0 = Release|Any CPU
	EndGlobalSection
	GlobalSection(SolutionProperties) = preSolution
		HideSolutionNode = FALSE
	EndGlobalSection
	GlobalSection(ExtensibilityGlobals) = postSolution
		SolutionGuid = {B6924354-17FA-45FC-BA11-F1C8CC157DD6}
	EndGlobalSection
EndGlobal
